
Microsoft Visual Studio Solution File, Format Version 12.00
# Visual Studio 14
VisualStudioVersion = 14.0.25420.1
MinimumVisualStudioVersion = 10.0.40219.1
Project("{FAE04EC0-301F-11D3-BF4B-00C04F79EFBC}") = "EShop.Web", "FrontUI\EShop.Web\EShop.Web.csproj", "{B11EF800-9EB7-4E87-8DE8-F01E93EB6C19}"
EndProject
Project("{2150E333-8FDC-42A3-9474-1A3956D46DE8}") = "4. UI 展示層", "4. UI 展示層", "{035EC17E-E9DE-4A8E-92B1-3A7D99BFF05B}"
EndProject
Project("{2150E333-8FDC-42A3-9474-1A3956D46DE8}") = "3. BLL層", "3. BLL層", "{57DB9E6C-F65C-4BCC-ABB5-A58E85889140}"
EndProject
Project("{2150E333-8FDC-42A3-9474-1A3956D46DE8}") = "2. DAL層", "2. DAL層", "{5CAA7B7B-6BD5-4CBE-9437-7B90BA2C895E}"
EndProject
Project("{FAE04EC0-301F-11D3-BF4B-00C04F79EFBC}") = "EShop.DAL.Repository", "DAL\EShop.DAL.Repository\EShop.DAL.Repository.csproj", "{F3282824-9F96-402E-8897-17CDD26B8643}"
EndProject
Project("{FAE04EC0-301F-11D3-BF4B-00C04F79EFBC}") = "EShop.BLL.Service", "BLL\EShop.BLL.Service\EShop.BLL.Service.csproj", "{8AD50BC2-9A04-497F-92D0-8E349CAB1BFF}"
EndProject
Project("{2150E333-8FDC-42A3-9474-1A3956D46DE8}") = "1. Domain", "1. Domain", "{60EA51EE-F114-4023-BC03-3E45FEB46E6A}"
EndProject
Project("{FAE04EC0-301F-11D3-BF4B-00C04F79EFBC}") = "EShop.CodeFirst", "Domain\EShop.CodeFirst\EShop.CodeFirst.csproj", "{6EB07A3E-F14D-40E0-91CD-E43C875EEAD6}"
EndProject
Project("{FAE04EC0-301F-11D3-BF4B-00C04F79EFBC}") = "EShop.WebBack", "FrontUI\EShop.WebBack\EShop.WebBack.csproj", "{5D73563B-0BDB-48BC-A5E8-EAD1246BE70B}"
EndProject
Project("{FAE04EC0-301F-11D3-BF4B-00C04F79EFBC}") = "EShop.BLL.Modules", "BLL\EShop.BLL.Modules\EShop.BLL.Modules.csproj", "{E38A8708-CF68-457C-B088-FC0AE474025E}"
EndProject
Project("{FAE04EC0-301F-11D3-BF4B-00C04F79EFBC}") = "EShop.DAL.Modules", "DAL\EShop.DAL.Modules\EShop.DAL.Modules.csproj", "{06B5F2F4-145B-4307-8B13-4618C144FE14}"
EndProject
Project("{FAE04EC0-301F-11D3-BF4B-00C04F79EFBC}") = "EShop.BLL.Mappings", "BLL\EShop.BLL.Mapping\EShop.BLL.Mappings.csproj", "{F522047F-352E-4331-8915-C7CFEA0E05C2}"
EndProject
Project("{FAE04EC0-301F-11D3-BF4B-00C04F79EFBC}") = "EShop.Models", "Domain\EShop.Models\EShop.Models.csproj", "{78D94A8B-DCC8-4CEB-B408-4B17D630975C}"
EndProject
Project("{FAE04EC0-301F-11D3-BF4B-00C04F79EFBC}") = "EShop.ViewModels", "Domain\EShop.ViewModels\EShop.ViewModels.csproj", "{150E8DAB-54E4-4E5A-BBD0-D7DA53BB8DE0}"
EndProject
Project("{FAE04EC0-301F-11D3-BF4B-00C04F79EFBC}") = "EShop.BLL.Interfaces", "BLL\EShop.BLL.Interfaces\EShop.BLL.Interfaces.csproj", "{1EC3598D-D238-4A39-8EE1-BC7A4F46E1A2}"
EndProject
Project("{FAE04EC0-301F-11D3-BF4B-00C04F79EFBC}") = "EShop.DAL.Interfaces", "DAL\EShop.DAL.Interfaces\EShop.DAL.Interfaces.csproj", "{B45BE834-B775-4F1B-B7CA-D2446FC65894}"
EndProject
Global
	GlobalSection(SolutionConfigurationPlatforms) = preSolution
		Debug|Any CPU = Debug|Any CPU
		Release|Any CPU = Release|Any CPU
	EndGlobalSection
	GlobalSection(ProjectConfigurationPlatforms) = postSolution
		{B11EF800-9EB7-4E87-8DE8-F01E93EB6C19}.Debug|Any CPU.ActiveCfg = Debug|Any CPU
		{B11EF800-9EB7-4E87-8DE8-F01E93EB6C19}.Debug|Any CPU.Build.0 = Debug|Any CPU
		{B11EF800-9EB7-4E87-8DE8-F01E93EB6C19}.Release|Any CPU.ActiveCfg = Release|Any CPU
		{B11EF800-9EB7-4E87-8DE8-F01E93EB6C19}.Release|Any CPU.Build.0 = Release|Any CPU
		{F3282824-9F96-402E-8897-17CDD26B8643}.Debug|Any CPU.ActiveCfg = Debug|Any CPU
		{F3282824-9F96-402E-8897-17CDD26B8643}.Debug|Any CPU.Build.0 = Debug|Any CPU
		{F3282824-9F96-402E-8897-17CDD26B8643}.Release|Any CPU.ActiveCfg = Release|Any CPU
		{F3282824-9F96-402E-8897-17CDD26B8643}.Release|Any CPU.Build.0 = Release|Any CPU
		{8AD50BC2-9A04-497F-92D0-8E349CAB1BFF}.Debug|Any CPU.ActiveCfg = Debug|Any CPU
		{8AD50BC2-9A04-497F-92D0-8E349CAB1BFF}.Debug|Any CPU.Build.0 = Debug|Any CPU
		{8AD50BC2-9A04-497F-92D0-8E349CAB1BFF}.Release|Any CPU.ActiveCfg = Release|Any CPU
		{8AD50BC2-9A04-497F-92D0-8E349CAB1BFF}.Release|Any CPU.Build.0 = Release|Any CPU
		{6EB07A3E-F14D-40E0-91CD-E43C875EEAD6}.Debug|Any CPU.ActiveCfg = Debug|Any CPU
		{6EB07A3E-F14D-40E0-91CD-E43C875EEAD6}.Debug|Any CPU.Build.0 = Debug|Any CPU
		{6EB07A3E-F14D-40E0-91CD-E43C875EEAD6}.Release|Any CPU.ActiveCfg = Release|Any CPU
		{6EB07A3E-F14D-40E0-91CD-E43C875EEAD6}.Release|Any CPU.Build.0 = Release|Any CPU
		{5D73563B-0BDB-48BC-A5E8-EAD1246BE70B}.Debug|Any CPU.ActiveCfg = Debug|Any CPU
		{5D73563B-0BDB-48BC-A5E8-EAD1246BE70B}.Debug|Any CPU.Build.0 = Debug|Any CPU
		{5D73563B-0BDB-48BC-A5E8-EAD1246BE70B}.Release|Any CPU.ActiveCfg = Release|Any CPU
		{5D73563B-0BDB-48BC-A5E8-EAD1246BE70B}.Release|Any CPU.Build.0 = Release|Any CPU
		{E38A8708-CF68-457C-B088-FC0AE474025E}.Debug|Any CPU.ActiveCfg = Debug|Any CPU
		{E38A8708-CF68-457C-B088-FC0AE474025E}.Debug|Any CPU.Build.0 = Debug|Any CPU
		{E38A8708-CF68-457C-B088-FC0AE474025E}.Release|Any CPU.ActiveCfg = Release|Any CPU
		{E38A8708-CF68-457C-B088-FC0AE474025E}.Release|Any CPU.Build.0 = Release|Any CPU
		{06B5F2F4-145B-4307-8B13-4618C144FE14}.Debug|Any CPU.ActiveCfg = Debug|Any CPU
		{06B5F2F4-145B-4307-8B13-4618C144FE14}.Debug|Any CPU.Build.0 = Debug|Any CPU
		{06B5F2F4-145B-4307-8B13-4618C144FE14}.Release|Any CPU.ActiveCfg = Release|Any CPU
		{06B5F2F4-145B-4307-8B13-4618C144FE14}.Release|Any CPU.Build.0 = Release|Any CPU
		{F522047F-352E-4331-8915-C7CFEA0E05C2}.Debug|Any CPU.ActiveCfg = Debug|Any CPU
		{F522047F-352E-4331-8915-C7CFEA0E05C2}.Debug|Any CPU.Build.0 = Debug|Any CPU
		{F522047F-352E-4331-8915-C7CFEA0E05C2}.Release|Any CPU.ActiveCfg = Release|Any CPU
		{F522047F-352E-4331-8915-C7CFEA0E05C2}.Release|Any CPU.Build.0 = Release|Any CPU
		{78D94A8B-DCC8-4CEB-B408-4B17D630975C}.Debug|Any CPU.ActiveCfg = Debug|Any CPU
		{78D94A8B-DCC8-4CEB-B408-4B17D630975C}.Debug|Any CPU.Build.0 = Debug|Any CPU
		{78D94A8B-DCC8-4CEB-B408-4B17D630975C}.Release|Any CPU.ActiveCfg = Release|Any CPU
		{78D94A8B-DCC8-4CEB-B408-4B17D630975C}.Release|Any CPU.Build.0 = Release|Any CPU
		{150E8DAB-54E4-4E5A-BBD0-D7DA53BB8DE0}.Debug|Any CPU.ActiveCfg = Debug|Any CPU
		{150E8DAB-54E4-4E5A-BBD0-D7DA53BB8DE0}.Debug|Any CPU.Build.0 = Debug|Any CPU
		{150E8DAB-54E4-4E5A-BBD0-D7DA53BB8DE0}.Release|Any CPU.ActiveCfg = Release|Any CPU
		{150E8DAB-54E4-4E5A-BBD0-D7DA53BB8DE0}.Release|Any CPU.Build.0 = Release|Any CPU
		{1EC3598D-D238-4A39-8EE1-BC7A4F46E1A2}.Debug|Any CPU.ActiveCfg = Debug|Any CPU
		{1EC3598D-D238-4A39-8EE1-BC7A4F46E1A2}.Debug|Any CPU.Build.0 = Debug|Any CPU
		{1EC3598D-D238-4A39-8EE1-BC7A4F46E1A2}.Release|Any CPU.ActiveCfg = Release|Any CPU
		{1EC3598D-D238-4A39-8EE1-BC7A4F46E1A2}.Release|Any CPU.Build.0 = Release|Any CPU
		{B45BE834-B775-4F1B-B7CA-D2446FC65894}.Debug|Any CPU.ActiveCfg = Debug|Any CPU
		{B45BE834-B775-4F1B-B7CA-D2446FC65894}.Debug|Any CPU.Build.0 = Debug|Any CPU
		{B45BE834-B775-4F1B-B7CA-D2446FC65894}.Release|Any CPU.ActiveCfg = Release|Any CPU
		{B45BE834-B775-4F1B-B7CA-D2446FC65894}.Release|Any CPU.Build.0 = Release|Any CPU
	EndGlobalSection
	GlobalSection(SolutionProperties) = preSolution
		HideSolutionNode = FALSE
	EndGlobalSection
	GlobalSection(NestedProjects) = preSolution
		{B11EF800-9EB7-4E87-8DE8-F01E93EB6C19} = {035EC17E-E9DE-4A8E-92B1-3A7D99BFF05B}
		{F3282824-9F96-402E-8897-17CDD26B8643} = {5CAA7B7B-6BD5-4CBE-9437-7B90BA2C895E}
		{8AD50BC2-9A04-497F-92D0-8E349CAB1BFF} = {57DB9E6C-F65C-4BCC-ABB5-A58E85889140}
		{6EB07A3E-F14D-40E0-91CD-E43C875EEAD6} = {60EA51EE-F114-4023-BC03-3E45FEB46E6A}
		{5D73563B-0BDB-48BC-A5E8-EAD1246BE70B} = {035EC17E-E9DE-4A8E-92B1-3A7D99BFF05B}
		{E38A8708-CF68-457C-B088-FC0AE474025E} = {57DB9E6C-F65C-4BCC-ABB5-A58E85889140}
		{06B5F2F4-145B-4307-8B13-4618C144FE14} = {5CAA7B7B-6BD5-4CBE-9437-7B90BA2C895E}
		{F522047F-352E-4331-8915-C7CFEA0E05C2} = {57DB9E6C-F65C-4BCC-ABB5-A58E85889140}
		{78D94A8B-DCC8-4CEB-B408-4B17D630975C} = {60EA51EE-F114-4023-BC03-3E45FEB46E6A}
		{150E8DAB-54E4-4E5A-BBD0-D7DA53BB8DE0} = {60EA51EE-F114-4023-BC03-3E45FEB46E6A}
		{1EC3598D-D238-4A39-8EE1-BC7A4F46E1A2} = {57DB9E6C-F65C-4BCC-ABB5-A58E85889140}
		{B45BE834-B775-4F1B-B7CA-D2446FC65894} = {5CAA7B7B-6BD5-4CBE-9437-7B90BA2C895E}
	EndGlobalSection
EndGlobal
